
Microsoft Visual Studio Solution File, Format Version 12.00
# Visual Studio 15
VisualStudioVersion = 15.0.27130.2026
MinimumVisualStudioVersion = 10.0.40219.1
Project("{F184B08F-C81C-45F6-A57F-5ABD9991F28F}") = "ClevelandAuto", "ClevelandAuto\ClevelandAuto.vbproj", "{772F9C18-9A29-4D9F-A1FD-FC2750CFE781}"
EndProject
Global
	GlobalSection(SolutionConfigurationPlatforms) = preSolution
		Debug|Any CPU = Debug|Any CPU
		Release|Any CPU = Release|Any CPU
	EndGlobalSection
	GlobalSection(ProjectConfigurationPlatforms) = postSolution
		{772F9C18-9A29-4D9F-A1FD-FC2750CFE781}.Debug|Any CPU.ActiveCfg = Debug|Any CPU
		{772F9C18-9A29-4D9F-A1FD-FC2750CFE781}.Debug|Any CPU.Build.0 = Debug|Any CPU
		{772F9C18-9A29-4D9F-A1FD-FC2750CFE781}.Release|Any CPU.ActiveCfg = Release|Any CPU
		{772F9C18-9A29-4D9F-A1FD-FC2750CFE781}.Release|Any CPU.Build.0 = Release|Any CPU
	EndGlobalSection
	GlobalSection(SolutionProperties) = preSolution
		HideSolutionNode = FALSE
	EndGlobalSection
	GlobalSection(ExtensibilityGlobals) = postSolution
		SolutionGuid = {0C3CBE58-4D35-48DA-A9AB-9D3ADE492BD1}
	EndGlobalSection
EndGlobal
